
Microsoft Visual Studio Solution File, Format Version 12.00
# Visual Studio Version 17
VisualStudioVersion = 17.5.002.0
MinimumVisualStudioVersion = 10.0.40219.1
Project("{9A19103F-16F7-4668-BE54-9A1E7A4F7556}") = "P3R.WeaponFramework", "P3R.WeaponFramework\P3R.WeaponFramework.csproj", "{D933F994-0A34-4996-85CF-54A33DE3E96F}"
EndProject
Project("{9A19103F-16F7-4668-BE54-9A1E7A4F7556}") = "P3R.WeaponFramework.Interfaces", "P3R.WeaponFramework.Interfaces\P3R.WeaponFramework.Interfaces.csproj", "{E491D78A-2935-4D83-B3F9-4451D58744CE}"
EndProject
Project("{9A19103F-16F7-4668-BE54-9A1E7A4F7556}") = "p3rpc.nativetypes.Interfaces", "Submodules\p3rpc.nativetypes\p3rpc.nativetypes.Interfaces\p3rpc.nativetypes.Interfaces.csproj", "{C8E5E47E-5D40-4728-BD90-1B1DD4FC43C3}"
EndProject
Project("{9A19103F-16F7-4668-BE54-9A1E7A4F7556}") = "Unreal.ObjectsEmitter.Interfaces", "Submodules\Unreal.ObjectsEmitter\Unreal.ObjectsEmitter.Interfaces\Unreal.ObjectsEmitter.Interfaces.csproj", "{4E9282E7-DBBD-4498-B321-3617EC98C7D3}"
EndProject
Project("{9A19103F-16F7-4668-BE54-9A1E7A4F7556}") = "Unreal.AtlusScript.Interfaces", "Submodules\Unreal.AtlusScript\Unreal.AtlusScript.Interfaces\Unreal.AtlusScript.Interfaces.csproj", "{8BE2E908-6CD0-4A19-81E6-713553403C70}"
EndProject
Project("{9A19103F-16F7-4668-BE54-9A1E7A4F7556}") = "Project.Utils", "Submodules\Project.Utils\Project.Utils.csproj", "{A06812A0-DA6A-426E-97C7-CD11080347EB}"
EndProject
Project("{2150E333-8FDC-42A3-9474-1A3956D46DE8}") = "Dependencies", "Dependencies", "{846B11BB-A40F-46D7-8DB2-58ED4A1DA34A}"
EndProject
Project("{2150E333-8FDC-42A3-9474-1A3956D46DE8}") = "REF", "REF", "{02A87AE7-DDE7-4C23-ABCD-70487FE378E6}"
EndProject
Project("{9A19103F-16F7-4668-BE54-9A1E7A4F7556}") = "P3R.CostumeFramework", "REF\P3R.CostumeFramework\P3R.CostumeFramework\P3R.CostumeFramework.csproj", "{C041A004-29A9-449B-A3A4-0FBB771B27AD}"
EndProject
Project("{2150E333-8FDC-42A3-9474-1A3956D46DE8}") = "Dependencies", "Dependencies", "{18EF3B79-E052-4EAB-92BC-1D0EC8904B7D}"
EndProject
Project("{9A19103F-16F7-4668-BE54-9A1E7A4F7556}") = "P3R.CostumeFramework.Interfaces", "REF\P3R.CostumeFramework\P3R.CostumeFramework.Interfaces\P3R.CostumeFramework.Interfaces.csproj", "{DEDECC74-99B1-4294-A2BC-36E226C03865}"
EndProject
Project("{9A19103F-16F7-4668-BE54-9A1E7A4F7556}") = "BGME.Framework.Interfaces", "REF\P3R.CostumeFramework\submodules\BGME\BGME.Framework.Interfaces\BGME.Framework.Interfaces.csproj", "{31EF8933-6B92-4736-9E68-E37F249A0CAD}"
EndProject
Project("{9A19103F-16F7-4668-BE54-9A1E7A4F7556}") = "BGME.BattleThemes.Interfaces", "REF\P3R.CostumeFramework\submodules\BGME.BattleThemes\BGME.BattleThemes.Interfaces\BGME.BattleThemes.Interfaces.csproj", "{9F625471-70CD-400C-A663-40E040E170CE}"
EndProject
Project("{9A19103F-16F7-4668-BE54-9A1E7A4F7556}") = "Project.Utils", "REF\P3R.CostumeFramework\submodules\Project.Utils\Project.Utils.csproj", "{46A460D1-8877-4A24-A089-7C3B13158CD8}"
EndProject
Project("{9A19103F-16F7-4668-BE54-9A1E7A4F7556}") = "Unreal.AtlusScript.Interfaces", "REF\P3R.CostumeFramework\submodules\Unreal.AtlusScript\Unreal.AtlusScript.Interfaces\Unreal.AtlusScript.Interfaces.csproj", "{FB9AD15B-B5D7-496A-8199-A8682B7981B1}"
EndProject
Project("{9A19103F-16F7-4668-BE54-9A1E7A4F7556}") = "Unreal.ObjectsEmitter.Interfaces", "REF\P3R.CostumeFramework\submodules\Unreal.ObjectsEmitter\Unreal.ObjectsEmitter.Interfaces\Unreal.ObjectsEmitter.Interfaces.csproj", "{92A39BF7-1814-450E-9A6F-84256B82CD4F}"
EndProject
Project("{9A19103F-16F7-4668-BE54-9A1E7A4F7556}") = "P3R.WeaponFramework.Search", "P3R.WeaponFramework.Search\P3R.WeaponFramework.Search.csproj", "{4334E974-01CB-4215-9B2D-B0E6CB5D8615}"
EndProject
Project("{9A19103F-16F7-4668-BE54-9A1E7A4F7556}") = "p3rpc.classconstructor.Interfaces", "Submodules\p3rpc.classconstructor\p3rpc.classconstructor.Interfaces\p3rpc.classconstructor.Interfaces.csproj", "{BB7A7692-AB5F-4E37-81E1-F720741AE373}"
EndProject
Project("{9A19103F-16F7-4668-BE54-9A1E7A4F7556}") = "p3rpc.classconstructor", "Submodules\p3rpc.classconstructor\p3rpc.classconstructor\p3rpc.classconstructor.csproj", "{6AE0A749-9370-4F6D-AB40-2EAA1F1D793C}"
EndProject
Project("{9A19103F-16F7-4668-BE54-9A1E7A4F7556}") = "P3R.WeaponFramework.Tools.DataUtils", "P3R.WeaponFramework.Tools\P3R.WeaponFramework.Tools.DataUtils\P3R.WeaponFramework.Tools.DataUtils.csproj", "{A424C463-4BDD-4C99-9538-3C7168D16584}"
EndProject
Project("{9A19103F-16F7-4668-BE54-9A1E7A4F7556}") = "Unreal.ObjectsEmitter.Reloaded", "Submodules\Unreal.ObjectsEmitter\Unreal.ObjectsEmitter.Reloaded\Unreal.ObjectsEmitter.Reloaded.csproj", "{B8C5F8BA-DE51-493F-B773-2AD9697D4FA2}"
EndProject
Project("{9A19103F-16F7-4668-BE54-9A1E7A4F7556}") = "p3rpc.nativetypes", "Submodules\p3rpc.nativetypes\p3rpc.nativetypes\p3rpc.nativetypes.csproj", "{98264458-B25A-4468-A94D-C51312E481E7}"
EndProject
Global
	GlobalSection(SolutionConfigurationPlatforms) = preSolution
		Debug|Any CPU = Debug|Any CPU
		Release|Any CPU = Release|Any CPU
	EndGlobalSection
	GlobalSection(ProjectConfigurationPlatforms) = postSolution
		{D933F994-0A34-4996-85CF-54A33DE3E96F}.Debug|Any CPU.ActiveCfg = Debug|Any CPU
		{D933F994-0A34-4996-85CF-54A33DE3E96F}.Debug|Any CPU.Build.0 = Debug|Any CPU
		{D933F994-0A34-4996-85CF-54A33DE3E96F}.Release|Any CPU.ActiveCfg = Release|Any CPU
		{D933F994-0A34-4996-85CF-54A33DE3E96F}.Release|Any CPU.Build.0 = Release|Any CPU
		{E491D78A-2935-4D83-B3F9-4451D58744CE}.Debug|Any CPU.ActiveCfg = Debug|Any CPU
		{E491D78A-2935-4D83-B3F9-4451D58744CE}.Debug|Any CPU.Build.0 = Debug|Any CPU
		{E491D78A-2935-4D83-B3F9-4451D58744CE}.Release|Any CPU.ActiveCfg = Release|Any CPU
		{E491D78A-2935-4D83-B3F9-4451D58744CE}.Release|Any CPU.Build.0 = Release|Any CPU
		{C8E5E47E-5D40-4728-BD90-1B1DD4FC43C3}.Debug|Any CPU.ActiveCfg = Debug|Any CPU
		{C8E5E47E-5D40-4728-BD90-1B1DD4FC43C3}.Debug|Any CPU.Build.0 = Debug|Any CPU
		{C8E5E47E-5D40-4728-BD90-1B1DD4FC43C3}.Release|Any CPU.ActiveCfg = Release|Any CPU
		{C8E5E47E-5D40-4728-BD90-1B1DD4FC43C3}.Release|Any CPU.Build.0 = Release|Any CPU
		{4E9282E7-DBBD-4498-B321-3617EC98C7D3}.Debug|Any CPU.ActiveCfg = Debug|Any CPU
		{4E9282E7-DBBD-4498-B321-3617EC98C7D3}.Debug|Any CPU.Build.0 = Debug|Any CPU
		{4E9282E7-DBBD-4498-B321-3617EC98C7D3}.Release|Any CPU.ActiveCfg = Release|Any CPU
		{4E9282E7-DBBD-4498-B321-3617EC98C7D3}.Release|Any CPU.Build.0 = Release|Any CPU
		{8BE2E908-6CD0-4A19-81E6-713553403C70}.Debug|Any CPU.ActiveCfg = Debug|Any CPU
		{8BE2E908-6CD0-4A19-81E6-713553403C70}.Debug|Any CPU.Build.0 = Debug|Any CPU
		{8BE2E908-6CD0-4A19-81E6-713553403C70}.Release|Any CPU.ActiveCfg = Release|Any CPU
		{8BE2E908-6CD0-4A19-81E6-713553403C70}.Release|Any CPU.Build.0 = Release|Any CPU
		{A06812A0-DA6A-426E-97C7-CD11080347EB}.Debug|Any CPU.ActiveCfg = Debug|Any CPU
		{A06812A0-DA6A-426E-97C7-CD11080347EB}.Debug|Any CPU.Build.0 = Debug|Any CPU
		{A06812A0-DA6A-426E-97C7-CD11080347EB}.Release|Any CPU.ActiveCfg = Release|Any CPU
		{A06812A0-DA6A-426E-97C7-CD11080347EB}.Release|Any CPU.Build.0 = Release|Any CPU
		{C041A004-29A9-449B-A3A4-0FBB771B27AD}.Debug|Any CPU.ActiveCfg = Debug|Any CPU
		{C041A004-29A9-449B-A3A4-0FBB771B27AD}.Debug|Any CPU.Build.0 = Debug|Any CPU
		{C041A004-29A9-449B-A3A4-0FBB771B27AD}.Release|Any CPU.ActiveCfg = Release|Any CPU
		{C041A004-29A9-449B-A3A4-0FBB771B27AD}.Release|Any CPU.Build.0 = Release|Any CPU
		{DEDECC74-99B1-4294-A2BC-36E226C03865}.Debug|Any CPU.ActiveCfg = Debug|Any CPU
		{DEDECC74-99B1-4294-A2BC-36E226C03865}.Debug|Any CPU.Build.0 = Debug|Any CPU
		{DEDECC74-99B1-4294-A2BC-36E226C03865}.Release|Any CPU.ActiveCfg = Release|Any CPU
		{DEDECC74-99B1-4294-A2BC-36E226C03865}.Release|Any CPU.Build.0 = Release|Any CPU
		{31EF8933-6B92-4736-9E68-E37F249A0CAD}.Debug|Any CPU.ActiveCfg = Debug|Any CPU
		{31EF8933-6B92-4736-9E68-E37F249A0CAD}.Debug|Any CPU.Build.0 = Debug|Any CPU
		{31EF8933-6B92-4736-9E68-E37F249A0CAD}.Release|Any CPU.ActiveCfg = Release|Any CPU
		{31EF8933-6B92-4736-9E68-E37F249A0CAD}.Release|Any CPU.Build.0 = Release|Any CPU
		{9F625471-70CD-400C-A663-40E040E170CE}.Debug|Any CPU.ActiveCfg = Debug|Any CPU
		{9F625471-70CD-400C-A663-40E040E170CE}.Debug|Any CPU.Build.0 = Debug|Any CPU
		{9F625471-70CD-400C-A663-40E040E170CE}.Release|Any CPU.ActiveCfg = Release|Any CPU
		{9F625471-70CD-400C-A663-40E040E170CE}.Release|Any CPU.Build.0 = Release|Any CPU
		{46A460D1-8877-4A24-A089-7C3B13158CD8}.Debug|Any CPU.ActiveCfg = Debug|Any CPU
		{46A460D1-8877-4A24-A089-7C3B13158CD8}.Debug|Any CPU.Build.0 = Debug|Any CPU
		{46A460D1-8877-4A24-A089-7C3B13158CD8}.Release|Any CPU.ActiveCfg = Release|Any CPU
		{46A460D1-8877-4A24-A089-7C3B13158CD8}.Release|Any CPU.Build.0 = Release|Any CPU
		{FB9AD15B-B5D7-496A-8199-A8682B7981B1}.Debug|Any CPU.ActiveCfg = Debug|Any CPU
		{FB9AD15B-B5D7-496A-8199-A8682B7981B1}.Debug|Any CPU.Build.0 = Debug|Any CPU
		{FB9AD15B-B5D7-496A-8199-A8682B7981B1}.Release|Any CPU.ActiveCfg = Release|Any CPU
		{FB9AD15B-B5D7-496A-8199-A8682B7981B1}.Release|Any CPU.Build.0 = Release|Any CPU
		{92A39BF7-1814-450E-9A6F-84256B82CD4F}.Debug|Any CPU.ActiveCfg = Debug|Any CPU
		{92A39BF7-1814-450E-9A6F-84256B82CD4F}.Debug|Any CPU.Build.0 = Debug|Any CPU
		{92A39BF7-1814-450E-9A6F-84256B82CD4F}.Release|Any CPU.ActiveCfg = Release|Any CPU
		{92A39BF7-1814-450E-9A6F-84256B82CD4F}.Release|Any CPU.Build.0 = Release|Any CPU
		{4334E974-01CB-4215-9B2D-B0E6CB5D8615}.Debug|Any CPU.ActiveCfg = Debug|Any CPU
		{4334E974-01CB-4215-9B2D-B0E6CB5D8615}.Debug|Any CPU.Build.0 = Debug|Any CPU
		{4334E974-01CB-4215-9B2D-B0E6CB5D8615}.Release|Any CPU.ActiveCfg = Release|Any CPU
		{4334E974-01CB-4215-9B2D-B0E6CB5D8615}.Release|Any CPU.Build.0 = Release|Any CPU
		{BB7A7692-AB5F-4E37-81E1-F720741AE373}.Debug|Any CPU.ActiveCfg = Debug|Any CPU
		{BB7A7692-AB5F-4E37-81E1-F720741AE373}.Debug|Any CPU.Build.0 = Debug|Any CPU
		{BB7A7692-AB5F-4E37-81E1-F720741AE373}.Release|Any CPU.ActiveCfg = Release|Any CPU
		{BB7A7692-AB5F-4E37-81E1-F720741AE373}.Release|Any CPU.Build.0 = Release|Any CPU
		{6AE0A749-9370-4F6D-AB40-2EAA1F1D793C}.Debug|Any CPU.ActiveCfg = Debug|Any CPU
		{6AE0A749-9370-4F6D-AB40-2EAA1F1D793C}.Debug|Any CPU.Build.0 = Debug|Any CPU
		{6AE0A749-9370-4F6D-AB40-2EAA1F1D793C}.Release|Any CPU.ActiveCfg = Release|Any CPU
		{6AE0A749-9370-4F6D-AB40-2EAA1F1D793C}.Release|Any CPU.Build.0 = Release|Any CPU
		{A424C463-4BDD-4C99-9538-3C7168D16584}.Debug|Any CPU.ActiveCfg = Debug|Any CPU
		{A424C463-4BDD-4C99-9538-3C7168D16584}.Debug|Any CPU.Build.0 = Debug|Any CPU
		{A424C463-4BDD-4C99-9538-3C7168D16584}.Release|Any CPU.ActiveCfg = Release|Any CPU
		{A424C463-4BDD-4C99-9538-3C7168D16584}.Release|Any CPU.Build.0 = Release|Any CPU
		{B8C5F8BA-DE51-493F-B773-2AD9697D4FA2}.Debug|Any CPU.ActiveCfg = Debug|Any CPU
		{B8C5F8BA-DE51-493F-B773-2AD9697D4FA2}.Debug|Any CPU.Build.0 = Debug|Any CPU
		{B8C5F8BA-DE51-493F-B773-2AD9697D4FA2}.Release|Any CPU.ActiveCfg = Release|Any CPU
		{B8C5F8BA-DE51-493F-B773-2AD9697D4FA2}.Release|Any CPU.Build.0 = Release|Any CPU
		{98264458-B25A-4468-A94D-C51312E481E7}.Debug|Any CPU.ActiveCfg = Debug|Any CPU
		{98264458-B25A-4468-A94D-C51312E481E7}.Debug|Any CPU.Build.0 = Debug|Any CPU
		{98264458-B25A-4468-A94D-C51312E481E7}.Release|Any CPU.ActiveCfg = Release|Any CPU
		{98264458-B25A-4468-A94D-C51312E481E7}.Release|Any CPU.Build.0 = Release|Any CPU
	EndGlobalSection
	GlobalSection(SolutionProperties) = preSolution
		HideSolutionNode = FALSE
	EndGlobalSection
	GlobalSection(NestedProjects) = preSolution
		{C8E5E47E-5D40-4728-BD90-1B1DD4FC43C3} = {846B11BB-A40F-46D7-8DB2-58ED4A1DA34A}
		{4E9282E7-DBBD-4498-B321-3617EC98C7D3} = {846B11BB-A40F-46D7-8DB2-58ED4A1DA34A}
		{8BE2E908-6CD0-4A19-81E6-713553403C70} = {846B11BB-A40F-46D7-8DB2-58ED4A1DA34A}
		{A06812A0-DA6A-426E-97C7-CD11080347EB} = {846B11BB-A40F-46D7-8DB2-58ED4A1DA34A}
		{C041A004-29A9-449B-A3A4-0FBB771B27AD} = {02A87AE7-DDE7-4C23-ABCD-70487FE378E6}
		{18EF3B79-E052-4EAB-92BC-1D0EC8904B7D} = {02A87AE7-DDE7-4C23-ABCD-70487FE378E6}
		{DEDECC74-99B1-4294-A2BC-36E226C03865} = {02A87AE7-DDE7-4C23-ABCD-70487FE378E6}
		{31EF8933-6B92-4736-9E68-E37F249A0CAD} = {18EF3B79-E052-4EAB-92BC-1D0EC8904B7D}
		{9F625471-70CD-400C-A663-40E040E170CE} = {18EF3B79-E052-4EAB-92BC-1D0EC8904B7D}
		{46A460D1-8877-4A24-A089-7C3B13158CD8} = {18EF3B79-E052-4EAB-92BC-1D0EC8904B7D}
		{FB9AD15B-B5D7-496A-8199-A8682B7981B1} = {18EF3B79-E052-4EAB-92BC-1D0EC8904B7D}
		{92A39BF7-1814-450E-9A6F-84256B82CD4F} = {18EF3B79-E052-4EAB-92BC-1D0EC8904B7D}
		{BB7A7692-AB5F-4E37-81E1-F720741AE373} = {846B11BB-A40F-46D7-8DB2-58ED4A1DA34A}
		{6AE0A749-9370-4F6D-AB40-2EAA1F1D793C} = {846B11BB-A40F-46D7-8DB2-58ED4A1DA34A}
		{B8C5F8BA-DE51-493F-B773-2AD9697D4FA2} = {846B11BB-A40F-46D7-8DB2-58ED4A1DA34A}
		{98264458-B25A-4468-A94D-C51312E481E7} = {846B11BB-A40F-46D7-8DB2-58ED4A1DA34A}
	EndGlobalSection
	GlobalSection(ExtensibilityGlobals) = postSolution
		SolutionGuid = {0E93B0DD-08AB-4E6E-A817-7A7060208A23}
	EndGlobalSection
EndGlobal
