
Microsoft Visual Studio Solution File, Format Version 12.00
# Visual Studio Version 17
VisualStudioVersion = 17.5.002.0
MinimumVisualStudioVersion = 10.0.40219.1
Project("{9A19103F-16F7-4668-BE54-9A1E7A4F7556}") = "P3R.WeaponFramework", "P3R.WeaponFramework\P3R.WeaponFramework.csproj", "{D933F994-0A34-4996-85CF-54A33DE3E96F}"
EndProject
Project("{9A19103F-16F7-4668-BE54-9A1E7A4F7556}") = "P3R.WeaponFramework.Interfaces", "P3R.WeaponFramework.Interfaces\P3R.WeaponFramework.Interfaces.csproj", "{E491D78A-2935-4D83-B3F9-4451D58744CE}"
EndProject
Project("{2150E333-8FDC-42A3-9474-1A3956D46DE8}") = "REF", "REF", "{02A87AE7-DDE7-4C23-ABCD-70487FE378E6}"
EndProject
Project("{9A19103F-16F7-4668-BE54-9A1E7A4F7556}") = "P3R.CostumeFramework", "REF\P3R.CostumeFramework\P3R.CostumeFramework\P3R.CostumeFramework.csproj", "{C041A004-29A9-449B-A3A4-0FBB771B27AD}"
EndProject
Project("{2150E333-8FDC-42A3-9474-1A3956D46DE8}") = "Dependencies", "Dependencies", "{18EF3B79-E052-4EAB-92BC-1D0EC8904B7D}"
EndProject
Project("{9A19103F-16F7-4668-BE54-9A1E7A4F7556}") = "P3R.CostumeFramework.Interfaces", "REF\P3R.CostumeFramework\P3R.CostumeFramework.Interfaces\P3R.CostumeFramework.Interfaces.csproj", "{DEDECC74-99B1-4294-A2BC-36E226C03865}"
EndProject
Project("{9A19103F-16F7-4668-BE54-9A1E7A4F7556}") = "BGME.Framework.Interfaces", "REF\P3R.CostumeFramework\submodules\BGME\BGME.Framework.Interfaces\BGME.Framework.Interfaces.csproj", "{31EF8933-6B92-4736-9E68-E37F249A0CAD}"
EndProject
Project("{9A19103F-16F7-4668-BE54-9A1E7A4F7556}") = "BGME.BattleThemes.Interfaces", "REF\P3R.CostumeFramework\submodules\BGME.BattleThemes\BGME.BattleThemes.Interfaces\BGME.BattleThemes.Interfaces.csproj", "{9F625471-70CD-400C-A663-40E040E170CE}"
EndProject
Project("{9A19103F-16F7-4668-BE54-9A1E7A4F7556}") = "Project.Utils", "REF\P3R.CostumeFramework\submodules\Project.Utils\Project.Utils.csproj", "{46A460D1-8877-4A24-A089-7C3B13158CD8}"
EndProject
Project("{9A19103F-16F7-4668-BE54-9A1E7A4F7556}") = "Unreal.AtlusScript.Interfaces", "REF\P3R.CostumeFramework\submodules\Unreal.AtlusScript\Unreal.AtlusScript.Interfaces\Unreal.AtlusScript.Interfaces.csproj", "{FB9AD15B-B5D7-496A-8199-A8682B7981B1}"
EndProject
Project("{9A19103F-16F7-4668-BE54-9A1E7A4F7556}") = "Unreal.ObjectsEmitter.Interfaces", "REF\P3R.CostumeFramework\submodules\Unreal.ObjectsEmitter\Unreal.ObjectsEmitter.Interfaces\Unreal.ObjectsEmitter.Interfaces.csproj", "{92A39BF7-1814-450E-9A6F-84256B82CD4F}"
EndProject
Project("{9A19103F-16F7-4668-BE54-9A1E7A4F7556}") = "P3R.WeaponFramework.Tools.DataUtils", "P3R.WeaponFramework.Tools\P3R.WeaponFramework.Tools.DataUtils\P3R.WeaponFramework.Tools.DataUtils.csproj", "{A424C463-4BDD-4C99-9538-3C7168D16584}"
EndProject
Project("{2150E333-8FDC-42A3-9474-1A3956D46DE8}") = "DataTool", "DataTool", "{063073D9-7693-4326-9FEC-C1EF59FDF735}"
EndProject
Project("{2150E333-8FDC-42A3-9474-1A3956D46DE8}") = "Atlus Script Tools", "Atlus Script Tools", "{99A87255-B830-45CD-A138-BE0A4EFE5178}"
EndProject
Project("{FAE04EC0-301F-11D3-BF4B-00C04F79EFBC}") = "AtlusScriptCompiler", "Tools\Atlus-Script-Tools\Source\AtlusScriptCompiler\AtlusScriptCompiler.csproj", "{58E13E8A-EA32-4627-A798-58E4648D812E}"
EndProject
Project("{9A19103F-16F7-4668-BE54-9A1E7A4F7556}") = "AtlusScriptLibrary", "Tools\Atlus-Script-Tools\Source\AtlusScriptLibrary\AtlusScriptLibrary.csproj", "{1D2960B8-D22B-4446-8A1F-8601289D187F}"
EndProject
Project("{2150E333-8FDC-42A3-9474-1A3956D46DE8}") = "Solution Items", "Solution Items", "{A58A1B62-8C75-42D5-9443-464D113B1DA0}"
	ProjectSection(SolutionItems) = preProject
		.editorconfig = .editorconfig
		README.md = README.md
	EndProjectSection
EndProject
Project("{2150E333-8FDC-42A3-9474-1A3956D46DE8}") = "CostumeFramework", "CostumeFramework", "{C31A19CE-DCD3-4D8F-9D93-CACBEE8B05A3}"
EndProject
Project("{2150E333-8FDC-42A3-9474-1A3956D46DE8}") = "p3rpc.nativetypes", "p3rpc.nativetypes", "{508301C0-A1D3-4711-976D-1D4E919B738A}"
EndProject
Project("{9A19103F-16F7-4668-BE54-9A1E7A4F7556}") = "p3rpc.nativetypes.Interfaces", "REF\p3rpc.nativetypes\p3rpc.nativetypes.Interfaces\p3rpc.nativetypes.Interfaces.csproj", "{3D1D5AFF-223F-412D-9FAB-D8B5D393D2AD}"
EndProject
Project("{9A19103F-16F7-4668-BE54-9A1E7A4F7556}") = "p3rpc.nativetypes", "REF\p3rpc.nativetypes\p3rpc.nativetypes\p3rpc.nativetypes.csproj", "{07C05695-05E7-4900-94F7-DC729CEC17AE}"
EndProject
Project("{9A19103F-16F7-4668-BE54-9A1E7A4F7556}") = "P3R.WeaponFramework.Enums", "P3R.WeaponFramework.Enums\P3R.WeaponFramework.Enums.csproj", "{8DE52E4A-97B2-4A9E-AFFC-9FE4E12B5739}"
EndProject
Project("{2150E333-8FDC-42A3-9474-1A3956D46DE8}") = "SmartEnum", "SmartEnum", "{A881FFC4-AC7A-4488-820D-9E8C1B117BAB}"
EndProject
Project("{9A19103F-16F7-4668-BE54-9A1E7A4F7556}") = "SmartEnum", "REF\SmartEnum\src\SmartEnum\SmartEnum.csproj", "{AD94A111-C77B-4644-AAA6-2FAF837B0489}"
EndProject
Project("{2150E333-8FDC-42A3-9474-1A3956D46DE8}") = "NewFolder1", "NewFolder1", "{337E6983-BA47-444F-8747-42BD1AF06C4F}"
EndProject
Project("{2150E333-8FDC-42A3-9474-1A3956D46DE8}") = "TestMod", "TestMod", "{5E7CCDE3-B3EC-4240-BDCA-9356684BA4F9}"
EndProject
Project("{2150E333-8FDC-42A3-9474-1A3956D46DE8}") = "NewFolder1", "NewFolder1", "{9ABB46D7-B3FE-426D-8353-4B3610658924}"
EndProject
Project("{9A19103F-16F7-4668-BE54-9A1E7A4F7556}") = "P3R.WeaponFramework.Types", "P3R.WeaponFramework.Types\P3R.WeaponFramework.Types.csproj", "{CE47705C-FFD5-4EF1-8F47-EC5D4FA8144B}"
EndProject
Project("{9A19103F-16F7-4668-BE54-9A1E7A4F7556}") = "P3R.WeaponFramework.DataGUI", "P3R.WeaponFramework.Tools\P3R.WeaponFramework.DataGUI\P3R.WeaponFramework.DataGUI.csproj", "{63FB5A4D-8C93-4C34-BEFF-D247EFDC5EB8}"
EndProject
Project("{2150E333-8FDC-42A3-9474-1A3956D46DE8}") = "Snippets", "Snippets", "{9F038CCD-9B16-4EA8-A1A6-39D6FDC16ADD}"
	ProjectSection(SolutionItems) = preProject
		Snippets\TryGetController.snippet = Snippets\TryGetController.snippet
	EndProjectSection
EndProject
Project("{FAE04EC0-301F-11D3-BF4B-00C04F79EFBC}") = "P3R.WeaponFramework.DescriptionGenerator", "P3R.WeaponFramework.Tools\P3R.WeaponFramework.DescriptionGenerator\P3R.WeaponFramework.DescriptionGenerator.csproj", "{4A77C4F8-875C-4178-98A8-EC0E42BB103C}"
EndProject
Project("{FAE04EC0-301F-11D3-BF4B-00C04F79EFBC}") = "P3R.WF.HockeyNightInTartarus", "P3R.WF.HockeyNightInTartarus\P3R.WF.HockeyNightInTartarus.csproj", "{1C0B710F-DDB8-452D-BFEF-7C292E7D32D7}"
EndProject
Project("{FAE04EC0-301F-11D3-BF4B-00C04F79EFBC}") = "P3R.WeaponFramework.Master", "P3R.WeaponFramework.Master\P3R.WeaponFramework.Master.csproj", "{0DF4C37C-2BD5-4A79-B3C9-49D1788336B9}"
EndProject
Global
	GlobalSection(SolutionConfigurationPlatforms) = preSolution
		Debug|Any CPU = Debug|Any CPU
		Release|Any CPU = Release|Any CPU
	EndGlobalSection
	GlobalSection(ProjectConfigurationPlatforms) = postSolution
		{D933F994-0A34-4996-85CF-54A33DE3E96F}.Debug|Any CPU.ActiveCfg = Debug|Any CPU
		{D933F994-0A34-4996-85CF-54A33DE3E96F}.Debug|Any CPU.Build.0 = Debug|Any CPU
		{D933F994-0A34-4996-85CF-54A33DE3E96F}.Release|Any CPU.ActiveCfg = Release|Any CPU
		{D933F994-0A34-4996-85CF-54A33DE3E96F}.Release|Any CPU.Build.0 = Release|Any CPU
		{E491D78A-2935-4D83-B3F9-4451D58744CE}.Debug|Any CPU.ActiveCfg = Debug|Any CPU
		{E491D78A-2935-4D83-B3F9-4451D58744CE}.Debug|Any CPU.Build.0 = Debug|Any CPU
		{E491D78A-2935-4D83-B3F9-4451D58744CE}.Release|Any CPU.ActiveCfg = Release|Any CPU
		{E491D78A-2935-4D83-B3F9-4451D58744CE}.Release|Any CPU.Build.0 = Release|Any CPU
		{C041A004-29A9-449B-A3A4-0FBB771B27AD}.Debug|Any CPU.ActiveCfg = Debug|Any CPU
		{C041A004-29A9-449B-A3A4-0FBB771B27AD}.Debug|Any CPU.Build.0 = Debug|Any CPU
		{C041A004-29A9-449B-A3A4-0FBB771B27AD}.Release|Any CPU.ActiveCfg = Release|Any CPU
		{C041A004-29A9-449B-A3A4-0FBB771B27AD}.Release|Any CPU.Build.0 = Release|Any CPU
		{DEDECC74-99B1-4294-A2BC-36E226C03865}.Debug|Any CPU.ActiveCfg = Debug|Any CPU
		{DEDECC74-99B1-4294-A2BC-36E226C03865}.Debug|Any CPU.Build.0 = Debug|Any CPU
		{DEDECC74-99B1-4294-A2BC-36E226C03865}.Release|Any CPU.ActiveCfg = Release|Any CPU
		{DEDECC74-99B1-4294-A2BC-36E226C03865}.Release|Any CPU.Build.0 = Release|Any CPU
		{31EF8933-6B92-4736-9E68-E37F249A0CAD}.Debug|Any CPU.ActiveCfg = Debug|Any CPU
		{31EF8933-6B92-4736-9E68-E37F249A0CAD}.Debug|Any CPU.Build.0 = Debug|Any CPU
		{31EF8933-6B92-4736-9E68-E37F249A0CAD}.Release|Any CPU.ActiveCfg = Release|Any CPU
		{31EF8933-6B92-4736-9E68-E37F249A0CAD}.Release|Any CPU.Build.0 = Release|Any CPU
		{9F625471-70CD-400C-A663-40E040E170CE}.Debug|Any CPU.ActiveCfg = Debug|Any CPU
		{9F625471-70CD-400C-A663-40E040E170CE}.Debug|Any CPU.Build.0 = Debug|Any CPU
		{9F625471-70CD-400C-A663-40E040E170CE}.Release|Any CPU.ActiveCfg = Release|Any CPU
		{9F625471-70CD-400C-A663-40E040E170CE}.Release|Any CPU.Build.0 = Release|Any CPU
		{46A460D1-8877-4A24-A089-7C3B13158CD8}.Debug|Any CPU.ActiveCfg = Debug|Any CPU
		{46A460D1-8877-4A24-A089-7C3B13158CD8}.Debug|Any CPU.Build.0 = Debug|Any CPU
		{46A460D1-8877-4A24-A089-7C3B13158CD8}.Release|Any CPU.ActiveCfg = Release|Any CPU
		{46A460D1-8877-4A24-A089-7C3B13158CD8}.Release|Any CPU.Build.0 = Release|Any CPU
		{FB9AD15B-B5D7-496A-8199-A8682B7981B1}.Debug|Any CPU.ActiveCfg = Debug|Any CPU
		{FB9AD15B-B5D7-496A-8199-A8682B7981B1}.Debug|Any CPU.Build.0 = Debug|Any CPU
		{FB9AD15B-B5D7-496A-8199-A8682B7981B1}.Release|Any CPU.ActiveCfg = Release|Any CPU
		{FB9AD15B-B5D7-496A-8199-A8682B7981B1}.Release|Any CPU.Build.0 = Release|Any CPU
		{92A39BF7-1814-450E-9A6F-84256B82CD4F}.Debug|Any CPU.ActiveCfg = Debug|Any CPU
		{92A39BF7-1814-450E-9A6F-84256B82CD4F}.Debug|Any CPU.Build.0 = Debug|Any CPU
		{92A39BF7-1814-450E-9A6F-84256B82CD4F}.Release|Any CPU.ActiveCfg = Release|Any CPU
		{92A39BF7-1814-450E-9A6F-84256B82CD4F}.Release|Any CPU.Build.0 = Release|Any CPU
		{A424C463-4BDD-4C99-9538-3C7168D16584}.Debug|Any CPU.ActiveCfg = Debug|Any CPU
		{A424C463-4BDD-4C99-9538-3C7168D16584}.Debug|Any CPU.Build.0 = Debug|Any CPU
		{A424C463-4BDD-4C99-9538-3C7168D16584}.Release|Any CPU.ActiveCfg = Release|Any CPU
		{A424C463-4BDD-4C99-9538-3C7168D16584}.Release|Any CPU.Build.0 = Release|Any CPU
		{58E13E8A-EA32-4627-A798-58E4648D812E}.Debug|Any CPU.ActiveCfg = Debug|Any CPU
		{58E13E8A-EA32-4627-A798-58E4648D812E}.Debug|Any CPU.Build.0 = Debug|Any CPU
		{58E13E8A-EA32-4627-A798-58E4648D812E}.Release|Any CPU.ActiveCfg = Release|Any CPU
		{58E13E8A-EA32-4627-A798-58E4648D812E}.Release|Any CPU.Build.0 = Release|Any CPU
		{1D2960B8-D22B-4446-8A1F-8601289D187F}.Debug|Any CPU.ActiveCfg = Debug|Any CPU
		{1D2960B8-D22B-4446-8A1F-8601289D187F}.Debug|Any CPU.Build.0 = Debug|Any CPU
		{1D2960B8-D22B-4446-8A1F-8601289D187F}.Release|Any CPU.ActiveCfg = Release|Any CPU
		{1D2960B8-D22B-4446-8A1F-8601289D187F}.Release|Any CPU.Build.0 = Release|Any CPU
		{3D1D5AFF-223F-412D-9FAB-D8B5D393D2AD}.Debug|Any CPU.ActiveCfg = Debug|Any CPU
		{3D1D5AFF-223F-412D-9FAB-D8B5D393D2AD}.Debug|Any CPU.Build.0 = Debug|Any CPU
		{3D1D5AFF-223F-412D-9FAB-D8B5D393D2AD}.Release|Any CPU.ActiveCfg = Release|Any CPU
		{3D1D5AFF-223F-412D-9FAB-D8B5D393D2AD}.Release|Any CPU.Build.0 = Release|Any CPU
		{07C05695-05E7-4900-94F7-DC729CEC17AE}.Debug|Any CPU.ActiveCfg = Debug|Any CPU
		{07C05695-05E7-4900-94F7-DC729CEC17AE}.Debug|Any CPU.Build.0 = Debug|Any CPU
		{07C05695-05E7-4900-94F7-DC729CEC17AE}.Release|Any CPU.ActiveCfg = Release|Any CPU
		{07C05695-05E7-4900-94F7-DC729CEC17AE}.Release|Any CPU.Build.0 = Release|Any CPU
		{8DE52E4A-97B2-4A9E-AFFC-9FE4E12B5739}.Debug|Any CPU.ActiveCfg = Debug|Any CPU
		{8DE52E4A-97B2-4A9E-AFFC-9FE4E12B5739}.Debug|Any CPU.Build.0 = Debug|Any CPU
		{8DE52E4A-97B2-4A9E-AFFC-9FE4E12B5739}.Release|Any CPU.ActiveCfg = Release|Any CPU
		{8DE52E4A-97B2-4A9E-AFFC-9FE4E12B5739}.Release|Any CPU.Build.0 = Release|Any CPU
		{AD94A111-C77B-4644-AAA6-2FAF837B0489}.Debug|Any CPU.ActiveCfg = Debug|Any CPU
		{AD94A111-C77B-4644-AAA6-2FAF837B0489}.Debug|Any CPU.Build.0 = Debug|Any CPU
		{AD94A111-C77B-4644-AAA6-2FAF837B0489}.Release|Any CPU.ActiveCfg = Release|Any CPU
		{AD94A111-C77B-4644-AAA6-2FAF837B0489}.Release|Any CPU.Build.0 = Release|Any CPU
		{CE47705C-FFD5-4EF1-8F47-EC5D4FA8144B}.Debug|Any CPU.ActiveCfg = Debug|Any CPU
		{CE47705C-FFD5-4EF1-8F47-EC5D4FA8144B}.Debug|Any CPU.Build.0 = Debug|Any CPU
		{CE47705C-FFD5-4EF1-8F47-EC5D4FA8144B}.Release|Any CPU.ActiveCfg = Release|Any CPU
		{CE47705C-FFD5-4EF1-8F47-EC5D4FA8144B}.Release|Any CPU.Build.0 = Release|Any CPU
		{63FB5A4D-8C93-4C34-BEFF-D247EFDC5EB8}.Debug|Any CPU.ActiveCfg = Debug|Any CPU
		{63FB5A4D-8C93-4C34-BEFF-D247EFDC5EB8}.Debug|Any CPU.Build.0 = Debug|Any CPU
		{63FB5A4D-8C93-4C34-BEFF-D247EFDC5EB8}.Release|Any CPU.ActiveCfg = Release|Any CPU
		{63FB5A4D-8C93-4C34-BEFF-D247EFDC5EB8}.Release|Any CPU.Build.0 = Release|Any CPU
		{4A77C4F8-875C-4178-98A8-EC0E42BB103C}.Debug|Any CPU.ActiveCfg = Debug|Any CPU
		{4A77C4F8-875C-4178-98A8-EC0E42BB103C}.Debug|Any CPU.Build.0 = Debug|Any CPU
		{4A77C4F8-875C-4178-98A8-EC0E42BB103C}.Release|Any CPU.ActiveCfg = Release|Any CPU
		{4A77C4F8-875C-4178-98A8-EC0E42BB103C}.Release|Any CPU.Build.0 = Release|Any CPU
		{1C0B710F-DDB8-452D-BFEF-7C292E7D32D7}.Debug|Any CPU.ActiveCfg = Debug|Any CPU
		{1C0B710F-DDB8-452D-BFEF-7C292E7D32D7}.Debug|Any CPU.Build.0 = Debug|Any CPU
		{1C0B710F-DDB8-452D-BFEF-7C292E7D32D7}.Release|Any CPU.ActiveCfg = Release|Any CPU
		{1C0B710F-DDB8-452D-BFEF-7C292E7D32D7}.Release|Any CPU.Build.0 = Release|Any CPU
		{0DF4C37C-2BD5-4A79-B3C9-49D1788336B9}.Debug|Any CPU.ActiveCfg = Debug|Any CPU
		{0DF4C37C-2BD5-4A79-B3C9-49D1788336B9}.Debug|Any CPU.Build.0 = Debug|Any CPU
		{0DF4C37C-2BD5-4A79-B3C9-49D1788336B9}.Release|Any CPU.ActiveCfg = Release|Any CPU
		{0DF4C37C-2BD5-4A79-B3C9-49D1788336B9}.Release|Any CPU.Build.0 = Release|Any CPU
	EndGlobalSection
	GlobalSection(SolutionProperties) = preSolution
		HideSolutionNode = FALSE
	EndGlobalSection
	GlobalSection(NestedProjects) = preSolution
		{C041A004-29A9-449B-A3A4-0FBB771B27AD} = {C31A19CE-DCD3-4D8F-9D93-CACBEE8B05A3}
		{18EF3B79-E052-4EAB-92BC-1D0EC8904B7D} = {C31A19CE-DCD3-4D8F-9D93-CACBEE8B05A3}
		{DEDECC74-99B1-4294-A2BC-36E226C03865} = {C31A19CE-DCD3-4D8F-9D93-CACBEE8B05A3}
		{31EF8933-6B92-4736-9E68-E37F249A0CAD} = {18EF3B79-E052-4EAB-92BC-1D0EC8904B7D}
		{9F625471-70CD-400C-A663-40E040E170CE} = {18EF3B79-E052-4EAB-92BC-1D0EC8904B7D}
		{46A460D1-8877-4A24-A089-7C3B13158CD8} = {18EF3B79-E052-4EAB-92BC-1D0EC8904B7D}
		{FB9AD15B-B5D7-496A-8199-A8682B7981B1} = {18EF3B79-E052-4EAB-92BC-1D0EC8904B7D}
		{92A39BF7-1814-450E-9A6F-84256B82CD4F} = {18EF3B79-E052-4EAB-92BC-1D0EC8904B7D}
		{A424C463-4BDD-4C99-9538-3C7168D16584} = {063073D9-7693-4326-9FEC-C1EF59FDF735}
		{99A87255-B830-45CD-A138-BE0A4EFE5178} = {063073D9-7693-4326-9FEC-C1EF59FDF735}
		{58E13E8A-EA32-4627-A798-58E4648D812E} = {99A87255-B830-45CD-A138-BE0A4EFE5178}
		{1D2960B8-D22B-4446-8A1F-8601289D187F} = {99A87255-B830-45CD-A138-BE0A4EFE5178}
		{C31A19CE-DCD3-4D8F-9D93-CACBEE8B05A3} = {02A87AE7-DDE7-4C23-ABCD-70487FE378E6}
		{508301C0-A1D3-4711-976D-1D4E919B738A} = {02A87AE7-DDE7-4C23-ABCD-70487FE378E6}
		{3D1D5AFF-223F-412D-9FAB-D8B5D393D2AD} = {508301C0-A1D3-4711-976D-1D4E919B738A}
		{07C05695-05E7-4900-94F7-DC729CEC17AE} = {508301C0-A1D3-4711-976D-1D4E919B738A}
		{A881FFC4-AC7A-4488-820D-9E8C1B117BAB} = {02A87AE7-DDE7-4C23-ABCD-70487FE378E6}
		{AD94A111-C77B-4644-AAA6-2FAF837B0489} = {A881FFC4-AC7A-4488-820D-9E8C1B117BAB}
		{337E6983-BA47-444F-8747-42BD1AF06C4F} = {02A87AE7-DDE7-4C23-ABCD-70487FE378E6}
		{9ABB46D7-B3FE-426D-8353-4B3610658924} = {5E7CCDE3-B3EC-4240-BDCA-9356684BA4F9}
		{63FB5A4D-8C93-4C34-BEFF-D247EFDC5EB8} = {063073D9-7693-4326-9FEC-C1EF59FDF735}
		{9F038CCD-9B16-4EA8-A1A6-39D6FDC16ADD} = {A58A1B62-8C75-42D5-9443-464D113B1DA0}
		{4A77C4F8-875C-4178-98A8-EC0E42BB103C} = {063073D9-7693-4326-9FEC-C1EF59FDF735}
		{1C0B710F-DDB8-452D-BFEF-7C292E7D32D7} = {5E7CCDE3-B3EC-4240-BDCA-9356684BA4F9}
	EndGlobalSection
	GlobalSection(ExtensibilityGlobals) = postSolution
		SolutionGuid = {0E93B0DD-08AB-4E6E-A817-7A7060208A23}
	EndGlobalSection
EndGlobal
