
Microsoft Visual Studio Solution File, Format Version 12.00
# Visual Studio Version 17
VisualStudioVersion = 17.5.002.0
MinimumVisualStudioVersion = 10.0.40219.1
Project("{9A19103F-16F7-4668-BE54-9A1E7A4F7556}") = "P3R.WeaponFramework", "P3R.WeaponFramework\P3R.WeaponFramework.csproj", "{D933F994-0A34-4996-85CF-54A33DE3E96F}"
EndProject
Project("{9A19103F-16F7-4668-BE54-9A1E7A4F7556}") = "P3R.WeaponFramework.Interfaces", "P3R.WeaponFramework.Interfaces\P3R.WeaponFramework.Interfaces.csproj", "{E491D78A-2935-4D83-B3F9-4451D58744CE}"
EndProject
Project("{9A19103F-16F7-4668-BE54-9A1E7A4F7556}") = "p3rpc.nativetypes.Interfaces", "Submodules\p3rpc.nativetypes\p3rpc.nativetypes.Interfaces\p3rpc.nativetypes.Interfaces.csproj", "{C8E5E47E-5D40-4728-BD90-1B1DD4FC43C3}"
EndProject
Project("{9A19103F-16F7-4668-BE54-9A1E7A4F7556}") = "Unreal.ObjectsEmitter.Interfaces", "Submodules\Unreal.ObjectsEmitter\Unreal.ObjectsEmitter.Interfaces\Unreal.ObjectsEmitter.Interfaces.csproj", "{4E9282E7-DBBD-4498-B321-3617EC98C7D3}"
EndProject
Project("{9A19103F-16F7-4668-BE54-9A1E7A4F7556}") = "Unreal.AtlusScript.Interfaces", "Submodules\Unreal.AtlusScript\Unreal.AtlusScript.Interfaces\Unreal.AtlusScript.Interfaces.csproj", "{8BE2E908-6CD0-4A19-81E6-713553403C70}"
EndProject
Project("{9A19103F-16F7-4668-BE54-9A1E7A4F7556}") = "Project.Utils", "Submodules\Project.Utils\Project.Utils.csproj", "{A06812A0-DA6A-426E-97C7-CD11080347EB}"
EndProject
Global
	GlobalSection(SolutionConfigurationPlatforms) = preSolution
		Debug|Any CPU = Debug|Any CPU
		Release|Any CPU = Release|Any CPU
	EndGlobalSection
	GlobalSection(ProjectConfigurationPlatforms) = postSolution
		{D933F994-0A34-4996-85CF-54A33DE3E96F}.Debug|Any CPU.ActiveCfg = Debug|Any CPU
		{D933F994-0A34-4996-85CF-54A33DE3E96F}.Debug|Any CPU.Build.0 = Debug|Any CPU
		{D933F994-0A34-4996-85CF-54A33DE3E96F}.Release|Any CPU.ActiveCfg = Release|Any CPU
		{D933F994-0A34-4996-85CF-54A33DE3E96F}.Release|Any CPU.Build.0 = Release|Any CPU
		{E491D78A-2935-4D83-B3F9-4451D58744CE}.Debug|Any CPU.ActiveCfg = Debug|Any CPU
		{E491D78A-2935-4D83-B3F9-4451D58744CE}.Debug|Any CPU.Build.0 = Debug|Any CPU
		{E491D78A-2935-4D83-B3F9-4451D58744CE}.Release|Any CPU.ActiveCfg = Release|Any CPU
		{E491D78A-2935-4D83-B3F9-4451D58744CE}.Release|Any CPU.Build.0 = Release|Any CPU
		{C8E5E47E-5D40-4728-BD90-1B1DD4FC43C3}.Debug|Any CPU.ActiveCfg = Debug|Any CPU
		{C8E5E47E-5D40-4728-BD90-1B1DD4FC43C3}.Debug|Any CPU.Build.0 = Debug|Any CPU
		{C8E5E47E-5D40-4728-BD90-1B1DD4FC43C3}.Release|Any CPU.ActiveCfg = Release|Any CPU
		{C8E5E47E-5D40-4728-BD90-1B1DD4FC43C3}.Release|Any CPU.Build.0 = Release|Any CPU
		{4E9282E7-DBBD-4498-B321-3617EC98C7D3}.Debug|Any CPU.ActiveCfg = Debug|Any CPU
		{4E9282E7-DBBD-4498-B321-3617EC98C7D3}.Debug|Any CPU.Build.0 = Debug|Any CPU
		{4E9282E7-DBBD-4498-B321-3617EC98C7D3}.Release|Any CPU.ActiveCfg = Release|Any CPU
		{4E9282E7-DBBD-4498-B321-3617EC98C7D3}.Release|Any CPU.Build.0 = Release|Any CPU
		{8BE2E908-6CD0-4A19-81E6-713553403C70}.Debug|Any CPU.ActiveCfg = Debug|Any CPU
		{8BE2E908-6CD0-4A19-81E6-713553403C70}.Debug|Any CPU.Build.0 = Debug|Any CPU
		{8BE2E908-6CD0-4A19-81E6-713553403C70}.Release|Any CPU.ActiveCfg = Release|Any CPU
		{8BE2E908-6CD0-4A19-81E6-713553403C70}.Release|Any CPU.Build.0 = Release|Any CPU
		{A06812A0-DA6A-426E-97C7-CD11080347EB}.Debug|Any CPU.ActiveCfg = Debug|Any CPU
		{A06812A0-DA6A-426E-97C7-CD11080347EB}.Debug|Any CPU.Build.0 = Debug|Any CPU
		{A06812A0-DA6A-426E-97C7-CD11080347EB}.Release|Any CPU.ActiveCfg = Release|Any CPU
		{A06812A0-DA6A-426E-97C7-CD11080347EB}.Release|Any CPU.Build.0 = Release|Any CPU
	EndGlobalSection
	GlobalSection(SolutionProperties) = preSolution
		HideSolutionNode = FALSE
	EndGlobalSection
	GlobalSection(NestedProjects) = preSolution
		{92A65ECA-F7DC-41DC-8FA1-7BE793AF9720} = {83E7380A-E0E2-43EA-824D-AF8EE9989016}
		{F529E941-D03E-4FDC-A52A-CD56F1DA7D0C} = {AE9B1192-D086-48FD-A489-80A0A56B8041}
		{CC29248C-58C6-48ED-A1E5-6384754C4BA5} = {AE9B1192-D086-48FD-A489-80A0A56B8041}
		{CABBB17D-EA38-4B0F-8F65-F3520F886811} = {83E7380A-E0E2-43EA-824D-AF8EE9989016}
		{83E7380A-E0E2-43EA-824D-AF8EE9989016} = {60BC22ED-1AD9-430E-81C4-BE45B3B35064}
		{AE9B1192-D086-48FD-A489-80A0A56B8041} = {60BC22ED-1AD9-430E-81C4-BE45B3B35064}
		{2BB75114-4F43-4469-B082-DC50A9218E89} = {60BC22ED-1AD9-430E-81C4-BE45B3B35064}
		{41FBFC18-A3C5-4401-BF3C-1F9FB12553AD} = {AE9B1192-D086-48FD-A489-80A0A56B8041}
		{DB5D3EE3-71C1-496E-97C1-CAAC20E5BC7A} = {83E7380A-E0E2-43EA-824D-AF8EE9989016}
		{D2210916-5D6E-4035-A7EC-086603E8438D} = {60BC22ED-1AD9-430E-81C4-BE45B3B35064}
		{FC3C375C-FD9E-4C6E-920C-695AC4B68EEF} = {60BC22ED-1AD9-430E-81C4-BE45B3B35064}
		{76FE932E-AEC0-4383-9668-A50204C70638} = {2BB75114-4F43-4469-B082-DC50A9218E89}
		{03BF24A3-66B0-4142-8D90-D1437E0883E8} = {2BB75114-4F43-4469-B082-DC50A9218E89}
		{E4A3A771-2FF7-49DE-8C30-74B19C1990DB} = {03BF24A3-66B0-4142-8D90-D1437E0883E8}
		{87602E63-66ED-4B4E-9F82-67E6D4C0F2B6} = {DB5D3EE3-71C1-496E-97C1-CAAC20E5BC7A}
		{86DBF1C2-D36A-44D1-A3D1-9F85D7E0D6C5} = {60BC22ED-1AD9-430E-81C4-BE45B3B35064}
		{23A39B37-AED4-4917-AE1B-2C1E16B163E9} = {60BC22ED-1AD9-430E-81C4-BE45B3B35064}
	EndGlobalSection
	GlobalSection(ExtensibilityGlobals) = postSolution
		SolutionGuid = {0E93B0DD-08AB-4E6E-A817-7A7060208A23}
	EndGlobalSection
EndGlobal
